schema: '2.0'
stages:
  load_data:
    cmd: python src/load_data.py --config=params.yaml
    deps:
    - path: data_given/winequality.csv
      hash: md5
      md5: ccc8d3507eb151f53f760d36abdef888
      size: 91998
    - path: src/get_data.py
      hash: md5
      md5: daf4ede74afb24bfdc7749e355dd019e
      size: 704
    - path: src/load_data.py
      hash: md5
      md5: f9745ae7fdaf97481877c2a33a15aa13
      size: 664
    outs:
    - path: data/raw/winequality.csv
      hash: md5
      md5: 069b522b0321bc25a626ceeffcb8eb44
      size: 93598
  split_data:
    cmd: python src/split_data.py --config=params.yaml
    deps:
    - path: data/raw/winequality.csv
      hash: md5
      md5: 069b522b0321bc25a626ceeffcb8eb44
      size: 93598
    - path: src/split_data.py
      hash: md5
      md5: 8f71405df123d50b38e59a550efdabdd
      size: 1099
    outs:
    - path: data/processed/test_winequality.csv
      hash: md5
      md5: ee3284843265e5855bc07dd6427ab1c2
      size: 18831
    - path: data/processed/train_winequality.csv
      hash: md5
      md5: 81dce00e053ba5ebabeacf8e7dca537a
      size: 74913
  train_and_evaluate:
    cmd: python src/train_and_evaluate.py --config=params.yaml
    deps:
    - path: data/processed/test_winequality.csv
      hash: md5
      md5: ee3284843265e5855bc07dd6427ab1c2
      size: 18831
    - path: data/processed/train_winequality.csv
      hash: md5
      md5: 81dce00e053ba5ebabeacf8e7dca537a
      size: 74913
    - path: src/train_and_evaluate.py
      hash: md5
      md5: 32eacc76bd2dd29e9938a08c44093396
      size: 3122
    params:
      params.yaml:
        estimators.ElasticNet.params.alpha: 0.94
        estimators.ElasticNet.params.l1_ratio: 0.7
  log_production_model:
    cmd: python src/log_production_model.py --config=params.yaml
    deps:
    - path: src/log_production_model.py
      hash: md5
      md5: 74721a5e04b37b0d75fc8fdeca63a4a8
      size: 4197
